{
  "nodes": {
    "cl-nix-lite": {
      "locked": {
        "lastModified": 1728174978,
        "narHash": "sha256-Grqqg+xuicANB85j0gNEXxi9SBKY7bzGeTuyi95eGcY=",
        "owner": "hraban",
        "repo": "cl-nix-lite",
        "rev": "31cfe6275c341eb3120a99f4b1c8516c49a29d87",
        "type": "github"
      },
      "original": {
        "owner": "hraban",
        "repo": "cl-nix-lite",
        "type": "github"
      }
    },
    "crane": {
      "inputs": {
        "nixpkgs": [
          "gitu",
          "nixpkgs"
        ]
      },
      "locked": {
        "lastModified": 1710003968,
        "narHash": "sha256-g8+K+mLiNG5uch35Oy9oDQBAmGSkCcqrd0Jjme7xiG0=",
        "owner": "ipetkov",
        "repo": "crane",
        "rev": "10484f86201bb94bd61ecc5335b1496794fedb78",
        "type": "github"
      },
      "original": {
        "owner": "ipetkov",
        "repo": "crane",
        "type": "github"
      }
    },
    "darwin": {
      "inputs": {
        "nixpkgs": [
          "nixpkgs"
        ]
      },
      "locked": {
        "lastModified": 1741229100,
        "narHash": "sha256-0HwrTDXp9buEwal/1ymK9uQmzUD5ozIA7CJGqnT/gLs=",
        "owner": "LnL7",
        "repo": "nix-darwin",
        "rev": "adf5c88ba1fe21af5c083b4d655004431f20c5ab",
        "type": "github"
      },
      "original": {
        "owner": "LnL7",
        "ref": "master",
        "repo": "nix-darwin",
        "type": "github"
      }
    },
    "fenix": {
      "inputs": {
        "nixpkgs": [
          "nixpkgs"
        ],
        "rust-analyzer-src": "rust-analyzer-src"
      },
      "locked": {
        "lastModified": 1741415406,
        "narHash": "sha256-FUhq3GLsUw/5Go3zsrvXWrU1QJ/0Y4YHuw+sUpBfUh0=",
        "owner": "nix-community",
        "repo": "fenix",
        "rev": "37e933dde18c77a219e0d6d48e16f2e2a22d3976",
        "type": "github"
      },
      "original": {
        "owner": "nix-community",
        "repo": "fenix",
        "type": "github"
      }
    },
    "fenix_2": {
      "inputs": {
        "nixpkgs": [
          "git-smash",
          "nixpkgs"
        ],
        "rust-analyzer-src": "rust-analyzer-src_2"
      },
      "locked": {
        "lastModified": 1740810935,
        "narHash": "sha256-6RzWfxENGlO73jQb3uQNgOvubUFwvveeIg+PZxhAu6s=",
        "owner": "nix-community",
        "repo": "fenix",
        "rev": "f44d7c3596ff028ad9f7fcc31d1941ed585f11b3",
        "type": "github"
      },
      "original": {
        "owner": "nix-community",
        "ref": "monthly",
        "repo": "fenix",
        "type": "github"
      }
    },
    "fenix_3": {
      "inputs": {
        "nixpkgs": [
          "gitu",
          "nixpkgs"
        ],
        "rust-analyzer-src": "rust-analyzer-src_3"
      },
      "locked": {
        "lastModified": 1710224545,
        "narHash": "sha256-MPWVGujXzLd+Q/1M252ZoPMubHhlfaQqhSaJXphDAdE=",
        "owner": "nix-community",
        "repo": "fenix",
        "rev": "12222a90a7e02443f822e679055858d786e7324f",
        "type": "github"
      },
      "original": {
        "owner": "nix-community",
        "repo": "fenix",
        "type": "github"
      }
    },
    "flake-compat": {
      "flake": false,
      "locked": {
        "lastModified": 1730663653,
        "narHash": "sha256-kFCUWettiFHDIqxCWWQ9qY8pVh+Lj+XL0Giyy/kdomg=",
        "owner": "hraban",
        "repo": "flake-compat",
        "rev": "e5b16676185cb7548581c852f51ce7f3a49bba5e",
        "type": "github"
      },
      "original": {
        "owner": "hraban",
        "ref": "fixed-output",
        "repo": "flake-compat",
        "type": "github"
      }
    },
    "flake-compat_2": {
      "flake": false,
      "locked": {
        "lastModified": 1696426674,
        "narHash": "sha256-kvjfFW7WAETZlt09AgDn1MrtKzP7t90Vf7vypd3OL1U=",
        "owner": "edolstra",
        "repo": "flake-compat",
        "rev": "0f9255e01c2351cc7d116c072cb317785dd33b33",
        "type": "github"
      },
      "original": {
        "owner": "edolstra",
        "repo": "flake-compat",
        "type": "github"
      }
    },
    "flake-compat_3": {
      "flake": false,
      "locked": {
        "lastModified": 1696426674,
        "narHash": "sha256-kvjfFW7WAETZlt09AgDn1MrtKzP7t90Vf7vypd3OL1U=",
        "owner": "edolstra",
        "repo": "flake-compat",
        "rev": "0f9255e01c2351cc7d116c072cb317785dd33b33",
        "type": "github"
      },
      "original": {
        "owner": "edolstra",
        "repo": "flake-compat",
        "type": "github"
      }
    },
    "flake-parts": {
      "inputs": {
        "nixpkgs-lib": "nixpkgs-lib"
      },
      "locked": {
        "lastModified": 1709336216,
        "narHash": "sha256-Dt/wOWeW6Sqm11Yh+2+t0dfEWxoMxGBvv3JpIocFl9E=",
        "owner": "hercules-ci",
        "repo": "flake-parts",
        "rev": "f7b3c975cf067e56e7cda6cb098ebe3fb4d74ca2",
        "type": "github"
      },
      "original": {
        "owner": "hercules-ci",
        "repo": "flake-parts",
        "type": "github"
      }
    },
    "flake-utils": {
      "inputs": {
        "systems": "systems"
      },
      "locked": {
        "lastModified": 1731533236,
        "narHash": "sha256-l0KFg5HjrsfsO/JpG+r7fRrqm12kzFHyUHqHCVpMMbI=",
        "owner": "numtide",
        "repo": "flake-utils",
        "rev": "11707dc2f618dd54ca8739b309ec4fc024de578b",
        "type": "github"
      },
      "original": {
        "owner": "numtide",
        "repo": "flake-utils",
        "type": "github"
      }
    },
    "flake-utils_2": {
      "inputs": {
        "systems": [
          "mac-app-util",
          "systems"
        ]
      },
      "locked": {
        "lastModified": 1731533236,
        "narHash": "sha256-l0KFg5HjrsfsO/JpG+r7fRrqm12kzFHyUHqHCVpMMbI=",
        "owner": "numtide",
        "repo": "flake-utils",
        "rev": "11707dc2f618dd54ca8739b309ec4fc024de578b",
        "type": "github"
      },
      "original": {
        "id": "flake-utils",
        "type": "indirect"
      }
    },
    "flake-utils_3": {
      "inputs": {
        "systems": "systems_3"
      },
      "locked": {
        "lastModified": 1705309234,
        "narHash": "sha256-uNRRNRKmJyCRC/8y1RqBkqWBLM034y4qN7EprSdmgyA=",
        "owner": "numtide",
        "repo": "flake-utils",
        "rev": "1ef2e671c3b0c19053962c07dbda38332dcebf26",
        "type": "github"
      },
      "original": {
        "owner": "numtide",
        "repo": "flake-utils",
        "type": "github"
      }
    },
    "flake-utils_4": {
      "inputs": {
        "systems": "systems_4"
      },
      "locked": {
        "lastModified": 1710146030,
        "narHash": "sha256-SZ5L6eA7HJ/nmkzGG7/ISclqe6oZdOZTNoesiInkXPQ=",
        "owner": "numtide",
        "repo": "flake-utils",
        "rev": "b1d9ab70662946ef0850d488da1c9019f3a9752a",
        "type": "github"
      },
      "original": {
        "owner": "numtide",
        "repo": "flake-utils",
        "type": "github"
      }
    },
    "flake-utils_5": {
      "inputs": {
        "systems": "systems_5"
      },
      "locked": {
        "lastModified": 1705309234,
        "narHash": "sha256-uNRRNRKmJyCRC/8y1RqBkqWBLM034y4qN7EprSdmgyA=",
        "owner": "numtide",
        "repo": "flake-utils",
        "rev": "1ef2e671c3b0c19053962c07dbda38332dcebf26",
        "type": "github"
      },
      "original": {
        "owner": "numtide",
        "repo": "flake-utils",
        "type": "github"
      }
    },
    "git-smash": {
      "inputs": {
        "fenix": "fenix_2",
        "flake-utils": "flake-utils",
        "naersk": "naersk",
        "nixpkgs": [
          "nixpkgs"
        ]
      },
      "locked": {
        "dir": "git-smash",
        "lastModified": 1738993271,
        "narHash": "sha256-/KBb/G/P2+ISJ3VufQt54LYWn1V/GcbIr+qLyEqMSn4=",
        "owner": "towry",
        "repo": "nix-flakes",
        "rev": "80f43e9ee8aead8c3cc2be953259282ca5e1dbd3",
        "type": "github"
      },
      "original": {
        "dir": "git-smash",
        "owner": "towry",
        "repo": "nix-flakes",
        "type": "github"
      }
    },
    "gitignore": {
      "inputs": {
        "nixpkgs": [
          "zls",
          "nixpkgs"
        ]
      },
      "locked": {
        "lastModified": 1709087332,
        "narHash": "sha256-HG2cCnktfHsKV0s4XW83gU3F57gaTljL9KNSuG6bnQs=",
        "owner": "hercules-ci",
        "repo": "gitignore.nix",
        "rev": "637db329424fd7e46cf4185293b9cc8c88c95394",
        "type": "github"
      },
      "original": {
        "owner": "hercules-ci",
        "repo": "gitignore.nix",
        "type": "github"
      }
    },
    "gitu": {
      "inputs": {
        "crane": "crane",
        "fenix": "fenix_3",
        "flake-parts": "flake-parts",
        "nixpkgs": [
          "nixpkgs"
        ]
      },
      "locked": {
        "lastModified": 1738993594,
        "narHash": "sha256-eG3ORk4nD8htdZpboEgcR4P94aKUX7eDHo6uTfSw2Zo=",
        "owner": "pze",
        "repo": "gitu",
        "rev": "a142048c324c564e683fcbde6dff985a2f700e65",
        "type": "github"
      },
      "original": {
        "owner": "pze",
        "ref": "master",
        "repo": "gitu",
        "type": "github"
      }
    },
    "home-manager": {
      "inputs": {
        "nixpkgs": [
          "nixpkgs"
        ]
      },
      "locked": {
        "lastModified": 1739757849,
        "narHash": "sha256-Gs076ot1YuAAsYVcyidLKUMIc4ooOaRGO0PqTY7sBzA=",
        "owner": "nix-community",
        "repo": "home-manager",
        "rev": "9d3d080aec2a35e05a15cedd281c2384767c2cfe",
        "type": "github"
      },
      "original": {
        "owner": "nix-community",
        "ref": "release-24.11",
        "repo": "home-manager",
        "type": "github"
      }
    },
    "langref": {
      "flake": false,
      "locked": {
        "narHash": "sha256-O6p2tiKD8ZMhSX+DeA/o5hhAvcPkU2J9lFys/r11peY=",
        "type": "file",
        "url": "https://raw.githubusercontent.com/ziglang/zig/0fb2015fd3422fc1df364995f9782dfe7255eccd/doc/langref.html.in"
      },
      "original": {
        "type": "file",
        "url": "https://raw.githubusercontent.com/ziglang/zig/0fb2015fd3422fc1df364995f9782dfe7255eccd/doc/langref.html.in"
      }
    },
    "mac-app-util": {
      "inputs": {
        "cl-nix-lite": "cl-nix-lite",
        "flake-compat": "flake-compat",
        "flake-utils": "flake-utils_2",
        "nixpkgs": [
          "nixpkgs"
        ],
        "systems": "systems_2"
      },
      "locked": {
        "lastModified": 1739821351,
        "narHash": "sha256-QlVtMzAhECs9Esq3txqVW7/vM78ipB5IcI8uyCbTP7A=",
        "owner": "hraban",
        "repo": "mac-app-util",
        "rev": "c00d5b21ca1fdab8acef65e696795f0f15ec1158",
        "type": "github"
      },
      "original": {
        "owner": "hraban",
        "repo": "mac-app-util",
        "type": "github"
      }
    },
    "naersk": {
      "inputs": {
        "nixpkgs": [
          "git-smash",
          "nixpkgs"
        ]
      },
      "locked": {
        "lastModified": 1739824009,
        "narHash": "sha256-fcNrCMUWVLMG3gKC5M9CBqVOAnJtyRvGPxptQFl5mVg=",
        "owner": "nix-community",
        "repo": "naersk",
        "rev": "e5130d37369bfa600144c2424270c96f0ef0e11d",
        "type": "github"
      },
      "original": {
        "owner": "nix-community",
        "repo": "naersk",
        "type": "github"
      }
    },
    "nixpkgs": {
      "locked": {
        "lastModified": 1741310760,
        "narHash": "sha256-aizILFrPgq/W53Jw8i0a1h1GZAAKtlYOrG/A5r46gVM=",
        "owner": "nixos",
        "repo": "nixpkgs",
        "rev": "de0fe301211c267807afd11b12613f5511ff7433",
        "type": "github"
      },
      "original": {
        "owner": "nixos",
        "ref": "nixpkgs-unstable",
        "repo": "nixpkgs",
        "type": "github"
      }
    },
    "nixpkgs-lib": {
      "locked": {
        "dir": "lib",
        "lastModified": 1709237383,
        "narHash": "sha256-cy6ArO4k5qTx+l5o+0mL9f5fa86tYUX3ozE1S+Txlds=",
        "owner": "NixOS",
        "repo": "nixpkgs",
        "rev": "1536926ef5621b09bba54035ae2bb6d806d72ac8",
        "type": "github"
      },
      "original": {
        "dir": "lib",
        "owner": "NixOS",
        "ref": "nixos-unstable",
        "repo": "nixpkgs",
        "type": "github"
      }
    },
    "nixpkgs-stable": {
      "locked": {
        "lastModified": 1741495178,
        "narHash": "sha256-1awNqR3CdpRybXDBoWs5QJQVdQLg1UiiNyhfCRxFbZw=",
        "owner": "nixos",
        "repo": "nixpkgs",
        "rev": "5b4ad9073546c39a5d08d910ca806cb6431bc2b3",
        "type": "github"
      },
      "original": {
        "owner": "nixos",
        "ref": "release-24.11",
        "repo": "nixpkgs",
        "type": "github"
      }
    },
    "root": {
      "inputs": {
        "darwin": "darwin",
        "fenix": "fenix",
        "git-smash": "git-smash",
        "gitu": "gitu",
        "home-manager": "home-manager",
        "mac-app-util": "mac-app-util",
        "nixpkgs": "nixpkgs",
        "nixpkgs-stable": "nixpkgs-stable",
        "zig": "zig",
        "zls": "zls"
      }
    },
    "rust-analyzer-src": {
      "flake": false,
      "locked": {
        "lastModified": 1741331214,
        "narHash": "sha256-aihwm+NBN7CX162yFh8e4hekqVWs7GYmmYwhdkHUg4k=",
        "owner": "rust-lang",
        "repo": "rust-analyzer",
        "rev": "62dea277cc13031e01483a9400a3d20c888f586d",
        "type": "github"
      },
      "original": {
        "owner": "rust-lang",
        "ref": "nightly",
        "repo": "rust-analyzer",
        "type": "github"
      }
    },
    "rust-analyzer-src_2": {
      "flake": false,
      "locked": {
        "lastModified": 1740737930,
        "narHash": "sha256-2AW/FJQI/i6bbRB/8HR9l9SjxjuiukJpHdMPgwApPKA=",
        "owner": "rust-lang",
        "repo": "rust-analyzer",
        "rev": "fe8444616679f8e50ff9696f4750df1f10e7433d",
        "type": "github"
      },
      "original": {
        "owner": "rust-lang",
        "ref": "nightly",
        "repo": "rust-analyzer",
        "type": "github"
      }
    },
    "rust-analyzer-src_3": {
      "flake": false,
      "locked": {
        "lastModified": 1710167852,
        "narHash": "sha256-SxUgXoPi5+Y6oBNoUt6cNd8HwV2H2JUGNydsp0cgB2M=",
        "owner": "rust-lang",
        "repo": "rust-analyzer",
        "rev": "03d2d9016d171c400f0891c867ea0aca9ec4f972",
        "type": "github"
      },
      "original": {
        "owner": "rust-lang",
        "ref": "nightly",
        "repo": "rust-analyzer",
        "type": "github"
      }
    },
    "systems": {
      "locked": {
        "lastModified": 1681028828,
        "narHash": "sha256-Vy1rq5AaRuLzOxct8nz4T6wlgyUR7zLU309k9mBC768=",
        "owner": "nix-systems",
        "repo": "default",
        "rev": "da67096a3b9bf56a91d16901293e51ba5b49a27e",
        "type": "github"
      },
      "original": {
        "owner": "nix-systems",
        "repo": "default",
        "type": "github"
      }
    },
    "systems_2": {
      "locked": {
        "lastModified": 1689347925,
        "narHash": "sha256-ozenz5bFe1UUqOn7f60HRmgc01BgTGIKZ4Xl+HbocGQ=",
        "owner": "nix-systems",
        "repo": "default-darwin",
        "rev": "2235d7e6cc29ae99878133c95e9fe5e157661ffb",
        "type": "github"
      },
      "original": {
        "owner": "nix-systems",
        "repo": "default-darwin",
        "type": "github"
      }
    },
    "systems_3": {
      "locked": {
        "lastModified": 1681028828,
        "narHash": "sha256-Vy1rq5AaRuLzOxct8nz4T6wlgyUR7zLU309k9mBC768=",
        "owner": "nix-systems",
        "repo": "default",
        "rev": "da67096a3b9bf56a91d16901293e51ba5b49a27e",
        "type": "github"
      },
      "original": {
        "owner": "nix-systems",
        "repo": "default",
        "type": "github"
      }
    },
    "systems_4": {
      "locked": {
        "lastModified": 1681028828,
        "narHash": "sha256-Vy1rq5AaRuLzOxct8nz4T6wlgyUR7zLU309k9mBC768=",
        "owner": "nix-systems",
        "repo": "default",
        "rev": "da67096a3b9bf56a91d16901293e51ba5b49a27e",
        "type": "github"
      },
      "original": {
        "owner": "nix-systems",
        "repo": "default",
        "type": "github"
      }
    },
    "systems_5": {
      "locked": {
        "lastModified": 1681028828,
        "narHash": "sha256-Vy1rq5AaRuLzOxct8nz4T6wlgyUR7zLU309k9mBC768=",
        "owner": "nix-systems",
        "repo": "default",
        "rev": "da67096a3b9bf56a91d16901293e51ba5b49a27e",
        "type": "github"
      },
      "original": {
        "owner": "nix-systems",
        "repo": "default",
        "type": "github"
      }
    },
    "zig": {
      "inputs": {
        "flake-compat": "flake-compat_2",
        "flake-utils": "flake-utils_3",
        "nixpkgs": [
          "nixpkgs"
        ]
      },
      "locked": {
        "lastModified": 1741480085,
        "narHash": "sha256-gWogO1O25QrlRk7k4Wa5UO7jGSwdfTM6F+QtwJEmeqw=",
        "owner": "mitchellh",
        "repo": "zig-overlay",
        "rev": "f8b7501ffef90fa3be3be0608c4b3e71fafc997a",
        "type": "github"
      },
      "original": {
        "owner": "mitchellh",
        "repo": "zig-overlay",
        "type": "github"
      }
    },
    "zig-overlay": {
      "inputs": {
        "flake-compat": "flake-compat_3",
        "flake-utils": "flake-utils_5",
        "nixpkgs": [
          "zls",
          "nixpkgs"
        ]
      },
      "locked": {
        "lastModified": 1717848532,
        "narHash": "sha256-d+xIUvSTreHl8pAmU1fnmkfDTGQYCn2Rb/zOwByxS2M=",
        "owner": "mitchellh",
        "repo": "zig-overlay",
        "rev": "02fc5cc555fc14fda40c42d7c3250efa43812b43",
        "type": "github"
      },
      "original": {
        "owner": "mitchellh",
        "repo": "zig-overlay",
        "type": "github"
      }
    },
    "zls": {
      "inputs": {
        "flake-utils": "flake-utils_4",
        "gitignore": "gitignore",
        "langref": "langref",
        "nixpkgs": [
          "nixpkgs"
        ],
        "zig-overlay": "zig-overlay"
      },
      "locked": {
        "lastModified": 1717891507,
        "narHash": "sha256-l/Zo1OwdB3js3wXOpgFLozKwq+bdsPySZtKbEbYBb7U=",
        "owner": "zigtools",
        "repo": "zls",
        "rev": "a26718049a8657d4da04c331aeced1697bc7652b",
        "type": "github"
      },
      "original": {
        "owner": "zigtools",
        "ref": "refs/tags/0.13.0",
        "repo": "zls",
        "type": "github"
      }
    }
  },
  "root": "root",
  "version": 7
}
