{
  "nodes": {
    "crane": {
      "inputs": {
        "nixpkgs": [
          "gitu",
          "nixpkgs"
        ]
      },
      "locked": {
        "lastModified": 1710003968,
        "narHash": "sha256-g8+K+mLiNG5uch35Oy9oDQBAmGSkCcqrd0Jjme7xiG0=",
        "owner": "ipetkov",
        "repo": "crane",
        "rev": "10484f86201bb94bd61ecc5335b1496794fedb78",
        "type": "github"
      },
      "original": {
        "owner": "ipetkov",
        "repo": "crane",
        "type": "github"
      }
    },
    "fenix": {
      "inputs": {
        "nixpkgs": [
          "nixpkgs"
        ],
        "rust-analyzer-src": "rust-analyzer-src"
      },
      "locked": {
        "lastModified": 1722493751,
        "narHash": "sha256-l7/yMehbrL5d4AI8E2hKtNlT50BlUAau4EKTgPg9KcY=",
        "owner": "nix-community",
        "repo": "fenix",
        "rev": "60ab4a085ef6ee40f2ef7921ca4061084dd8cf26",
        "type": "github"
      },
      "original": {
        "owner": "nix-community",
        "ref": "monthly",
        "repo": "fenix",
        "type": "github"
      }
    },
    "fenix_2": {
      "inputs": {
        "nixpkgs": [
          "git-smash",
          "nixpkgs"
        ],
        "rust-analyzer-src": "rust-analyzer-src_2"
      },
      "locked": {
        "lastModified": 1722493751,
        "narHash": "sha256-l7/yMehbrL5d4AI8E2hKtNlT50BlUAau4EKTgPg9KcY=",
        "owner": "nix-community",
        "repo": "fenix",
        "rev": "60ab4a085ef6ee40f2ef7921ca4061084dd8cf26",
        "type": "github"
      },
      "original": {
        "owner": "nix-community",
        "ref": "monthly",
        "repo": "fenix",
        "type": "github"
      }
    },
    "fenix_3": {
      "inputs": {
        "nixpkgs": [
          "gitu",
          "nixpkgs"
        ],
        "rust-analyzer-src": "rust-analyzer-src_3"
      },
      "locked": {
        "lastModified": 1710224545,
        "narHash": "sha256-MPWVGujXzLd+Q/1M252ZoPMubHhlfaQqhSaJXphDAdE=",
        "owner": "nix-community",
        "repo": "fenix",
        "rev": "12222a90a7e02443f822e679055858d786e7324f",
        "type": "github"
      },
      "original": {
        "owner": "nix-community",
        "repo": "fenix",
        "type": "github"
      }
    },
    "flake-parts": {
      "inputs": {
        "nixpkgs-lib": "nixpkgs-lib"
      },
      "locked": {
        "lastModified": 1709336216,
        "narHash": "sha256-Dt/wOWeW6Sqm11Yh+2+t0dfEWxoMxGBvv3JpIocFl9E=",
        "owner": "hercules-ci",
        "repo": "flake-parts",
        "rev": "f7b3c975cf067e56e7cda6cb098ebe3fb4d74ca2",
        "type": "github"
      },
      "original": {
        "owner": "hercules-ci",
        "repo": "flake-parts",
        "type": "github"
      }
    },
    "flake-utils": {
      "inputs": {
        "systems": "systems"
      },
      "locked": {
        "lastModified": 1710146030,
        "narHash": "sha256-SZ5L6eA7HJ/nmkzGG7/ISclqe6oZdOZTNoesiInkXPQ=",
        "owner": "numtide",
        "repo": "flake-utils",
        "rev": "b1d9ab70662946ef0850d488da1c9019f3a9752a",
        "type": "github"
      },
      "original": {
        "owner": "numtide",
        "repo": "flake-utils",
        "type": "github"
      }
    },
    "git-smash": {
      "inputs": {
        "fenix": "fenix_2",
        "flake-utils": "flake-utils",
        "naersk": "naersk",
        "nixpkgs": [
          "nixpkgs"
        ]
      },
      "locked": {
        "dir": "git-smash",
        "lastModified": 1722475665,
        "narHash": "sha256-qvV0lcRMlLkd3vNuzzIT4kuXr5X2wuVcw7HdZNmhA2U=",
        "owner": "towry",
        "repo": "nix-flakes",
        "rev": "f3125e531ee7729b0053484a1698682d36a05029",
        "type": "github"
      },
      "original": {
        "dir": "git-smash",
        "owner": "towry",
        "repo": "nix-flakes",
        "type": "github"
      }
    },
    "gitu": {
      "inputs": {
        "crane": "crane",
        "fenix": "fenix_3",
        "flake-parts": "flake-parts",
        "nixpkgs": [
          "nixpkgs"
        ]
      },
      "locked": {
        "lastModified": 1718593102,
        "narHash": "sha256-Z20OiYgUpCl253e5PHjHDKpDU+G/GLU+WYojiEmYxvw=",
        "owner": "pze",
        "repo": "gitu",
        "rev": "c13f3e7c8a9dfb6fb54393b263b78b8e6285e85c",
        "type": "github"
      },
      "original": {
        "owner": "pze",
        "ref": "master",
        "repo": "gitu",
        "type": "github"
      }
    },
    "home-manager": {
      "inputs": {
        "nixpkgs": [
          "nixpkgs"
        ]
      },
      "locked": {
        "lastModified": 1720042825,
        "narHash": "sha256-A0vrUB6x82/jvf17qPCpxaM+ulJnD8YZwH9Ci0BsAzE=",
        "owner": "nix-community",
        "repo": "home-manager",
        "rev": "e1391fb22e18a36f57e6999c7a9f966dc80ac073",
        "type": "github"
      },
      "original": {
        "owner": "nix-community",
        "ref": "release-24.05",
        "repo": "home-manager",
        "type": "github"
      }
    },
    "naersk": {
      "inputs": {
        "nixpkgs": [
          "git-smash",
          "nixpkgs"
        ]
      },
      "locked": {
        "lastModified": 1721727458,
        "narHash": "sha256-r/xppY958gmZ4oTfLiHN0ZGuQ+RSTijDblVgVLFi1mw=",
        "owner": "nix-community",
        "repo": "naersk",
        "rev": "3fb418eaf352498f6b6c30592e3beb63df42ef11",
        "type": "github"
      },
      "original": {
        "owner": "nix-community",
        "repo": "naersk",
        "type": "github"
      }
    },
    "nixpkgs": {
      "locked": {
        "lastModified": 1717179513,
        "narHash": "sha256-vboIEwIQojofItm2xGCdZCzW96U85l9nDW3ifMuAIdM=",
        "owner": "nixos",
        "repo": "nixpkgs",
        "rev": "63dacb46bf939521bdc93981b4cbb7ecb58427a0",
        "type": "github"
      },
      "original": {
        "owner": "nixos",
        "ref": "24.05",
        "repo": "nixpkgs",
        "type": "github"
      }
    },
    "nixpkgs-lib": {
      "locked": {
        "dir": "lib",
        "lastModified": 1709237383,
        "narHash": "sha256-cy6ArO4k5qTx+l5o+0mL9f5fa86tYUX3ozE1S+Txlds=",
        "owner": "NixOS",
        "repo": "nixpkgs",
        "rev": "1536926ef5621b09bba54035ae2bb6d806d72ac8",
        "type": "github"
      },
      "original": {
        "dir": "lib",
        "owner": "NixOS",
        "ref": "nixos-unstable",
        "repo": "nixpkgs",
        "type": "github"
      }
    },
    "nixpkgs-unstable": {
      "locked": {
        "lastModified": 1724177844,
        "narHash": "sha256-G7Mf9uN9m8FimeP3eMHu/dOC4QS8QAzo0h4ZIlDHcCA=",
        "owner": "nixos",
        "repo": "nixpkgs",
        "rev": "d13fa5a45a34e7c8be33474f58003914430bdc5a",
        "type": "github"
      },
      "original": {
        "owner": "nixos",
        "ref": "nixpkgs-unstable",
        "repo": "nixpkgs",
        "type": "github"
      }
    },
    "pyenv-virtualenv": {
      "flake": false,
      "locked": {
        "lastModified": 1721597822,
        "narHash": "sha256-NgtowwE1T5NoiYiL18vdpYumVuPSWoDCOyP2//d+uHk=",
        "owner": "pyenv",
        "repo": "pyenv-virtualenv",
        "rev": "e9b88cc3660ab6719d700544d720a770702c46e9",
        "type": "github"
      },
      "original": {
        "owner": "pyenv",
        "ref": "e9b88cc",
        "repo": "pyenv-virtualenv",
        "type": "github"
      }
    },
    "root": {
      "inputs": {
        "fenix": "fenix",
        "git-smash": "git-smash",
        "gitu": "gitu",
        "home-manager": "home-manager",
        "nixpkgs": "nixpkgs",
        "nixpkgs-unstable": "nixpkgs-unstable",
        "pyenv-virtualenv": "pyenv-virtualenv",
        "zellij": "zellij"
      }
    },
    "rust-analyzer-src": {
      "flake": false,
      "locked": {
        "lastModified": 1722449213,
        "narHash": "sha256-1na4m2PNH99syz2g/WQ+Hr3RfY7k4H8NBnmkr5dFDXw=",
        "owner": "rust-lang",
        "repo": "rust-analyzer",
        "rev": "c8e41d95061543715b30880932ec3dc24c42d7ae",
        "type": "github"
      },
      "original": {
        "owner": "rust-lang",
        "ref": "nightly",
        "repo": "rust-analyzer",
        "type": "github"
      }
    },
    "rust-analyzer-src_2": {
      "flake": false,
      "locked": {
        "lastModified": 1722449213,
        "narHash": "sha256-1na4m2PNH99syz2g/WQ+Hr3RfY7k4H8NBnmkr5dFDXw=",
        "owner": "rust-lang",
        "repo": "rust-analyzer",
        "rev": "c8e41d95061543715b30880932ec3dc24c42d7ae",
        "type": "github"
      },
      "original": {
        "owner": "rust-lang",
        "ref": "nightly",
        "repo": "rust-analyzer",
        "type": "github"
      }
    },
    "rust-analyzer-src_3": {
      "flake": false,
      "locked": {
        "lastModified": 1710167852,
        "narHash": "sha256-SxUgXoPi5+Y6oBNoUt6cNd8HwV2H2JUGNydsp0cgB2M=",
        "owner": "rust-lang",
        "repo": "rust-analyzer",
        "rev": "03d2d9016d171c400f0891c867ea0aca9ec4f972",
        "type": "github"
      },
      "original": {
        "owner": "rust-lang",
        "ref": "nightly",
        "repo": "rust-analyzer",
        "type": "github"
      }
    },
    "systems": {
      "locked": {
        "lastModified": 1681028828,
        "narHash": "sha256-Vy1rq5AaRuLzOxct8nz4T6wlgyUR7zLU309k9mBC768=",
        "owner": "nix-systems",
        "repo": "default",
        "rev": "da67096a3b9bf56a91d16901293e51ba5b49a27e",
        "type": "github"
      },
      "original": {
        "owner": "nix-systems",
        "repo": "default",
        "type": "github"
      }
    },
    "zellij": {
      "inputs": {
        "nixpkgs": [
          "nixpkgs"
        ]
      },
      "locked": {
        "dir": "zellij",
        "lastModified": 1722475665,
        "narHash": "sha256-qvV0lcRMlLkd3vNuzzIT4kuXr5X2wuVcw7HdZNmhA2U=",
        "owner": "towry",
        "repo": "nix-flakes",
        "rev": "f3125e531ee7729b0053484a1698682d36a05029",
        "type": "github"
      },
      "original": {
        "dir": "zellij",
        "owner": "towry",
        "repo": "nix-flakes",
        "type": "github"
      }
    }
  },
  "root": "root",
  "version": 7
}
