{
  "lockfileVersion": 1,
  "workspaces": {
    "": {
      "name": "opencode",
      "dependencies": {
        "@ai-sdk/openai-compatible": "latest",
        "@opencode-ai/plugin": "latest",
        "ai": "^5.0.106",
        "opencode-anthropic-auth": "*",
      },
      "devDependencies": {
        "@prettier/plugin-oxc": "^0.0.4",
        "@types/bun": "^1.3.1",
        "@types/node": "^24.9.1",
        "bun-types": "^1.3.1",
        "prettier": "^3.6.2",
        "typescript": "^5.9.3",
      },
    },
  },
  "packages": {
    "@ai-sdk/gateway": ["@ai-sdk/gateway@2.0.18", "", { "dependencies": { "@ai-sdk/provider": "2.0.0", "@ai-sdk/provider-utils": "3.0.18", "@vercel/oidc": "3.0.5" }, "peerDependencies": { "zod": "^3.25.76 || ^4.1.8" } }, "sha512-sDQcW+6ck2m0pTIHW6BPHD7S125WD3qNkx/B8sEzJp/hurocmJ5Cni0ybExg6sQMGo+fr/GWOwpHF1cmCdg5rQ=="],

    "@ai-sdk/openai-compatible": ["@ai-sdk/openai-compatible@1.0.28", "", { "dependencies": { "@ai-sdk/provider": "2.0.0", "@ai-sdk/provider-utils": "3.0.18" }, "peerDependencies": { "zod": "^3.25.76 || ^4.1.8" } }, "sha512-yKubDxLYtXyGUzkr9lNStf/lE/I+Okc8tmotvyABhsQHHieLKk6oV5fJeRJxhr67Ejhg+FRnwUOxAmjRoFM4dA=="],

    "@ai-sdk/provider": ["@ai-sdk/provider@2.0.0", "", { "dependencies": { "json-schema": "0.4.0" } }, "sha512-6o7Y2SeO9vFKB8lArHXehNuusnpddKPk7xqL7T2/b+OvXMRIXUO1rR4wcv1hAFUAT9avGZshty3Wlua/XA7TvA=="],

    "@ai-sdk/provider-utils": ["@ai-sdk/provider-utils@3.0.18", "", { "dependencies": { "@ai-sdk/provider": "2.0.0", "@standard-schema/spec": "^1.0.0", "eventsource-parser": "^3.0.6" }, "peerDependencies": { "zod": "^3.25.76 || ^4.1.8" } }, "sha512-ypv1xXMsgGcNKUP+hglKqtdDuMg68nWHucPPAhIENrbFAI+xCHiqPVN8Zllxyv1TNZwGWUghPxJXU+Mqps0YRQ=="],

    "@emnapi/core": ["@emnapi/core@1.6.0", "", { "dependencies": { "@emnapi/wasi-threads": "1.1.0", "tslib": "2.8.1" } }, "sha512-zq/ay+9fNIJJtJiZxdTnXS20PllcYMX3OE23ESc4HK/bdYu3cOWYVhsOhVnXALfU/uqJIxn5NBPd9z4v+SfoSg=="],

    "@emnapi/runtime": ["@emnapi/runtime@1.6.0", "", { "dependencies": { "tslib": "2.8.1" } }, "sha512-obtUmAHTMjll499P+D9A3axeJFlhdjOWdKUNs/U6QIGT7V5RjcUW1xToAzjvmgTSQhDbYn/NwfTRoJcQ2rNBxA=="],

    "@emnapi/wasi-threads": ["@emnapi/wasi-threads@1.1.0", "", { "dependencies": { "tslib": "2.8.1" } }, "sha512-WI0DdZ8xFSbgMjR1sFsKABJ/C5OnRrjT06JXbZKexJGrDuPTzZdDYfFlsgcCXCyf+suG5QU2e/y1Wo2V/OapLQ=="],

    "@napi-rs/wasm-runtime": ["@napi-rs/wasm-runtime@0.2.12", "", { "dependencies": { "@emnapi/core": "1.6.0", "@emnapi/runtime": "1.6.0", "@tybys/wasm-util": "0.10.1" } }, "sha512-ZVWUcfwY4E/yPitQJl481FjFo3K22D6qF0DuFH6Y/nbnE11GY5uguDxZMGXPQ8WQ0128MXQD7TnfHyK4oWoIJQ=="],

    "@openauthjs/openauth": ["@openauthjs/openauth@0.4.3", "", { "dependencies": { "@standard-schema/spec": "1.0.0-beta.3", "aws4fetch": "1.0.20", "jose": "5.9.6" }, "peerDependencies": { "arctic": "^2.2.2", "hono": "^4.0.0" } }, "sha512-RlnjqvHzqcbFVymEwhlUEuac4utA5h4nhSK/i2szZuQmxTIqbGUxZ+nM+avM+VV4Ing+/ZaNLKILoXS3yrkOOw=="],

    "@opencode-ai/plugin": ["@opencode-ai/plugin@1.0.126", "", { "dependencies": { "@opencode-ai/sdk": "1.0.126", "zod": "4.1.8" } }, "sha512-HFDbAeGqJBG01qCF5QIJF+cevrnLWioTqDRquYQHmOpxmard7OINQt57qmO7y+3ozyFMsAwUTTD9HK0xULHgvQ=="],

    "@opencode-ai/sdk": ["@opencode-ai/sdk@1.0.126", "", {}, "sha512-W7Ac9seN/LGZDNEEE5HtNLzTskOO9+9jfEAkSUydWkrr+224cplN9ELRwrJsCl/o51xJzns22sJ5BRTqzT3bYQ=="],

    "@opentelemetry/api": ["@opentelemetry/api@1.9.0", "", {}, "sha512-3giAOQvZiH5F9bMlMiv8+GSPMeqg0dbaeo58/0SlA9sxSqZhnUtxzX9/2FzyhS9sWQf5S0GJE0AKBrFqjpeYcg=="],

    "@oslojs/asn1": ["@oslojs/asn1@1.0.0", "", { "dependencies": { "@oslojs/binary": "1.0.0" } }, "sha512-zw/wn0sj0j0QKbIXfIlnEcTviaCzYOY3V5rAyjR6YtOByFtJiT574+8p9Wlach0lZH9fddD4yb9laEAIl4vXQA=="],

    "@oslojs/binary": ["@oslojs/binary@1.0.0", "", {}, "sha512-9RCU6OwXU6p67H4NODbuxv2S3eenuQ4/WFLrsq+K/k682xrznH5EVWA7N4VFk9VYVcbFtKqur5YQQZc0ySGhsQ=="],

    "@oslojs/crypto": ["@oslojs/crypto@1.0.1", "", { "dependencies": { "@oslojs/asn1": "1.0.0", "@oslojs/binary": "1.0.0" } }, "sha512-7n08G8nWjAr/Yu3vu9zzrd0L9XnrJfpMioQcvCMxBIiF5orECHe5/3J0jmXRVvgfqMm/+4oxlQ+Sq39COYLcNQ=="],

    "@oslojs/encoding": ["@oslojs/encoding@1.1.0", "", {}, "sha512-70wQhgYmndg4GCPxPPxPGevRKqTIJ2Nh4OkiMWmDAVYsTQ+Ta7Sq+rPevXyXGdzr30/qZBnyOalCszoMxlyldQ=="],

    "@oslojs/jwt": ["@oslojs/jwt@0.2.0", "", { "dependencies": { "@oslojs/encoding": "0.4.1" } }, "sha512-bLE7BtHrURedCn4Mco3ma9L4Y1GR2SMBuIvjWr7rmQ4/W/4Jy70TIAgZ+0nIlk0xHz1vNP8x8DCns45Sb2XRbg=="],

    "@oxc-parser/binding-android-arm64": ["@oxc-parser/binding-android-arm64@0.74.0", "", { "os": "android", "cpu": "arm64" }, "sha512-lgq8TJq22eyfojfa2jBFy2m66ckAo7iNRYDdyn9reXYA3I6Wx7tgGWVx1JAp1lO+aUiqdqP/uPlDaETL9tqRcg=="],

    "@oxc-parser/binding-darwin-arm64": ["@oxc-parser/binding-darwin-arm64@0.74.0", "", { "os": "darwin", "cpu": "arm64" }, "sha512-xbY/io/hkARggbpYEMFX6CwFzb7f4iS6WuBoBeZtdqRWfIEi7sm/uYWXfyVeB8uqOATvJ07WRFC2upI8PSI83g=="],

    "@oxc-parser/binding-darwin-x64": ["@oxc-parser/binding-darwin-x64@0.74.0", "", { "os": "darwin", "cpu": "x64" }, "sha512-FIj2gAGtFaW0Zk+TnGyenMUoRu1ju+kJ/h71D77xc1owOItbFZFGa+4WSVck1H8rTtceeJlK+kux+vCjGFCl9Q=="],

    "@oxc-parser/binding-freebsd-x64": ["@oxc-parser/binding-freebsd-x64@0.74.0", "", { "os": "freebsd", "cpu": "x64" }, "sha512-W1I+g5TJg0TRRMHgEWNWsTIfe782V3QuaPgZxnfPNmDMywYdtlzllzclBgaDq6qzvZCCQc/UhvNb37KWTCTj8A=="],

    "@oxc-parser/binding-linux-arm-gnueabihf": ["@oxc-parser/binding-linux-arm-gnueabihf@0.74.0", "", { "os": "linux", "cpu": "arm" }, "sha512-gxqkyRGApeVI8dgvJ19SYe59XASW3uVxF1YUgkE7peW/XIg5QRAOVTFKyTjI9acYuK1MF6OJHqx30cmxmZLtiQ=="],

    "@oxc-parser/binding-linux-arm-musleabihf": ["@oxc-parser/binding-linux-arm-musleabihf@0.74.0", "", { "os": "linux", "cpu": "arm" }, "sha512-jpnAUP4Fa93VdPPDzxxBguJmldj/Gpz7wTXKFzpAueqBMfZsy9KNC+0qT2uZ9HGUDMzNuKw0Se3bPCpL/gfD2Q=="],

    "@oxc-parser/binding-linux-arm64-gnu": ["@oxc-parser/binding-linux-arm64-gnu@0.74.0", "", { "os": "linux", "cpu": "arm64" }, "sha512-fcWyM7BNfCkHqIf3kll8fJctbR/PseL4RnS2isD9Y3FFBhp4efGAzhDaxIUK5GK7kIcFh1P+puIRig8WJ6IMVQ=="],

    "@oxc-parser/binding-linux-arm64-musl": ["@oxc-parser/binding-linux-arm64-musl@0.74.0", "", { "os": "linux", "cpu": "arm64" }, "sha512-AMY30z/C77HgiRRJX7YtVUaelKq1ex0aaj28XoJu4SCezdS8i0IftUNTtGS1UzGjGZB8zQz5SFwVy4dRu4GLwg=="],

    "@oxc-parser/binding-linux-riscv64-gnu": ["@oxc-parser/binding-linux-riscv64-gnu@0.74.0", "", { "os": "linux", "cpu": "none" }, "sha512-/RZAP24TgZo4vV/01TBlzRqs0R7E6xvatww4LnmZEBBulQBU/SkypDywfriFqWuFoa61WFXPV7sLcTjJGjim/w=="],

    "@oxc-parser/binding-linux-s390x-gnu": ["@oxc-parser/binding-linux-s390x-gnu@0.74.0", "", { "os": "linux", "cpu": "s390x" }, "sha512-620J1beNAlGSPBD+Msb3ptvrwxu04B8iULCH03zlf0JSLy/5sqlD6qBs0XUVkUJv1vbakUw1gfVnUQqv0UTuEg=="],

    "@oxc-parser/binding-linux-x64-gnu": ["@oxc-parser/binding-linux-x64-gnu@0.74.0", "", { "os": "linux", "cpu": "x64" }, "sha512-WBFgQmGtFnPNzHyLKbC1wkYGaRIBxXGofO0+hz1xrrkPgbxbJS1Ukva1EB8sPaVBBQ52Bdc2GjLSp721NWRvww=="],

    "@oxc-parser/binding-linux-x64-musl": ["@oxc-parser/binding-linux-x64-musl@0.74.0", "", { "os": "linux", "cpu": "x64" }, "sha512-y4mapxi0RGqlp3t6Sm+knJlAEqdKDYrEue2LlXOka/F2i4sRN0XhEMPiSOB3ppHmvK4I2zY2XBYTsX1Fel0fAg=="],

    "@oxc-parser/binding-wasm32-wasi": ["@oxc-parser/binding-wasm32-wasi@0.74.0", "", { "dependencies": { "@napi-rs/wasm-runtime": "0.2.12" }, "cpu": "none" }, "sha512-yDS9bRDh5ymobiS2xBmjlrGdUuU61IZoJBaJC5fELdYT5LJNBXlbr3Yc6m2PWfRJwkH6Aq5fRvxAZ4wCbkGa8w=="],

    "@oxc-parser/binding-win32-arm64-msvc": ["@oxc-parser/binding-win32-arm64-msvc@0.74.0", "", { "os": "win32", "cpu": "arm64" }, "sha512-XFWY52Rfb4N5wEbMCTSBMxRkDLGbAI9CBSL24BIDywwDJMl31gHEVlmHdCDRoXAmanCI6gwbXYTrWe0HvXJ7Aw=="],

    "@oxc-parser/binding-win32-x64-msvc": ["@oxc-parser/binding-win32-x64-msvc@0.74.0", "", { "os": "win32", "cpu": "x64" }, "sha512-1D3x6iU2apLyfTQHygbdaNbX3nZaHu4yaXpD7ilYpoLo7f0MX0tUuoDrqJyJrVGqvyXgc0uz4yXz9tH9ZZhvvg=="],

    "@oxc-project/types": ["@oxc-project/types@0.74.0", "", {}, "sha512-KOw/RZrVlHGhCXh1RufBFF7Nuo7HdY5w1lRJukM/igIl6x9qtz8QycDvZdzb4qnHO7znrPyo2sJrFJK2eKHgfQ=="],

    "@prettier/plugin-oxc": ["@prettier/plugin-oxc@0.0.4", "", { "dependencies": { "oxc-parser": "0.74.0" } }, "sha512-UGXe+g/rSRbglL0FOJiar+a+nUrst7KaFmsg05wYbKiInGWP6eAj/f8A2Uobgo5KxEtb2X10zeflNH6RK2xeIQ=="],

    "@standard-schema/spec": ["@standard-schema/spec@1.0.0", "", {}, "sha512-m2bOd0f2RT9k8QJx1JN85cZYyH1RqFBdlwtkSlf4tBDYLCiiZnv1fIIwacK6cqwXavOydf0NPToMQgpKq+dVlA=="],

    "@tybys/wasm-util": ["@tybys/wasm-util@0.10.1", "", { "dependencies": { "tslib": "2.8.1" } }, "sha512-9tTaPJLSiejZKx+Bmog4uSubteqTvFrVrURwkmHixBo0G4seD0zUxp98E1DzUBJxLQ3NPwXrGKDiVjwx/DpPsg=="],

    "@types/bun": ["@types/bun@1.3.1", "", { "dependencies": { "bun-types": "1.3.1" } }, "sha512-4jNMk2/K9YJtfqwoAa28c8wK+T7nvJFOjxI4h/7sORWcypRNxBpr+TPNaCfVWq70tLCJsqoFwcf0oI0JU/fvMQ=="],

    "@types/node": ["@types/node@24.9.1", "", { "dependencies": { "undici-types": "7.16.0" } }, "sha512-QoiaXANRkSXK6p0Duvt56W208du4P9Uye9hWLWgGMDTEoKPhuenzNcC4vGUmrNkiOKTlIrBoyNQYNpSwfEZXSg=="],

    "@types/react": ["@types/react@19.2.2", "", { "dependencies": { "csstype": "3.1.3" } }, "sha512-6mDvHUFSjyT2B2yeNx2nUgMxh9LtOWvkhIU3uePn2I2oyNymUAX1NIsdgviM4CH+JSrp2D2hsMvJOkxY+0wNRA=="],

    "@vercel/oidc": ["@vercel/oidc@3.0.5", "", {}, "sha512-fnYhv671l+eTTp48gB4zEsTW/YtRgRPnkI2nT7x6qw5rkI1Lq2hTmQIpHPgyThI0znLK+vX2n9XxKdXZ7BUbbw=="],

    "ai": ["ai@5.0.106", "", { "dependencies": { "@ai-sdk/gateway": "2.0.18", "@ai-sdk/provider": "2.0.0", "@ai-sdk/provider-utils": "3.0.18", "@opentelemetry/api": "1.9.0" }, "peerDependencies": { "zod": "^3.25.76 || ^4.1.8" } }, "sha512-M5obwavxSJJ3tGlAFqI6eltYNJB0D20X6gIBCFx/KVorb/X1fxVVfiZZpZb+Gslu4340droSOjT0aKQFCarNVg=="],

    "arctic": ["arctic@2.3.4", "", { "dependencies": { "@oslojs/crypto": "1.0.1", "@oslojs/encoding": "1.1.0", "@oslojs/jwt": "0.2.0" } }, "sha512-+p30BOWsctZp+CVYCt7oAean/hWGW42sH5LAcRQX56ttEkFJWbzXBhmSpibbzwSJkRrotmsA+oAoJoVsU0f5xA=="],

    "aws4fetch": ["aws4fetch@1.0.20", "", {}, "sha512-/djoAN709iY65ETD6LKCtyyEI04XIBP5xVvfmNxsEP0uJB5tyaGBztSryRr4HqMStr9R06PisQE7m9zDTXKu6g=="],

    "bun-types": ["bun-types@1.3.1", "", { "dependencies": { "@types/node": "24.9.1" }, "peerDependencies": { "@types/react": "19.2.2" } }, "sha512-NMrcy7smratanWJ2mMXdpatalovtxVggkj11bScuWuiOoXTiKIu2eVS1/7qbyI/4yHedtsn175n4Sm4JcdHLXw=="],

    "csstype": ["csstype@3.1.3", "", {}, "sha512-M1uQkMl8rQK/szD0LNhtqxIPLpimGm8sOBwU7lLnCpSbTyY3yeU1Vc7l4KT5zT4s/yOxHH5O7tIuuLOCnLADRw=="],

    "eventsource-parser": ["eventsource-parser@3.0.6", "", {}, "sha512-Vo1ab+QXPzZ4tCa8SwIHJFaSzy4R6SHf7BY79rFBDf0idraZWAkYrDjDj8uWaSm3S2TK+hJ7/t1CEmZ7jXw+pg=="],

    "hono": ["hono@4.10.7", "", {}, "sha512-icXIITfw/07Q88nLSkB9aiUrd8rYzSweK681Kjo/TSggaGbOX4RRyxxm71v+3PC8C/j+4rlxGeoTRxQDkaJkUw=="],

    "jose": ["jose@5.9.6", "", {}, "sha512-AMlnetc9+CV9asI19zHmrgS/WYsWUwCn2R7RzlbJWD7F9eWYUTGyBmU9o6PxngtLGOiDGPRu+Uc4fhKzbpteZQ=="],

    "json-schema": ["json-schema@0.4.0", "", {}, "sha512-es94M3nTIfsEPisRafak+HDLfHXnKBhV3vU5eqPcS3flIWqcxJWgXHXiey3YrpaNsanY5ei1VoYEbOzijuq9BA=="],

    "opencode-anthropic-auth": ["opencode-anthropic-auth@0.0.3", "", { "dependencies": { "@openauthjs/openauth": "^0.4.3" } }, "sha512-rGOJGFa5jIX+locFnwIYMAkmUmySi5DN9QtcrDV/cJM2JQrlU9+FotjAO92suWT99ZrBhUyOBpf1bPd12XuNLw=="],

    "oxc-parser": ["oxc-parser@0.74.0", "", { "dependencies": { "@oxc-project/types": "0.74.0" }, "optionalDependencies": { "@oxc-parser/binding-android-arm64": "0.74.0", "@oxc-parser/binding-darwin-arm64": "0.74.0", "@oxc-parser/binding-darwin-x64": "0.74.0", "@oxc-parser/binding-freebsd-x64": "0.74.0", "@oxc-parser/binding-linux-arm-gnueabihf": "0.74.0", "@oxc-parser/binding-linux-arm-musleabihf": "0.74.0", "@oxc-parser/binding-linux-arm64-gnu": "0.74.0", "@oxc-parser/binding-linux-arm64-musl": "0.74.0", "@oxc-parser/binding-linux-riscv64-gnu": "0.74.0", "@oxc-parser/binding-linux-s390x-gnu": "0.74.0", "@oxc-parser/binding-linux-x64-gnu": "0.74.0", "@oxc-parser/binding-linux-x64-musl": "0.74.0", "@oxc-parser/binding-wasm32-wasi": "0.74.0", "@oxc-parser/binding-win32-arm64-msvc": "0.74.0", "@oxc-parser/binding-win32-x64-msvc": "0.74.0" } }, "sha512-2tDN/ttU8WE6oFh8EzKNam7KE7ZXSG5uXmvX85iNzxdJfMssDWcj3gpYzZi1E04XuE7m3v1dVWl/8BE886vPGw=="],

    "prettier": ["prettier@3.6.2", "", { "bin": { "prettier": "bin/prettier.cjs" } }, "sha512-I7AIg5boAr5R0FFtJ6rCfD+LFsWHp81dolrFD8S79U9tb8Az2nGrJncnMSnys+bpQJfRUzqs9hnA81OAA3hCuQ=="],

    "tslib": ["tslib@2.8.1", "", {}, "sha512-oJFu94HQb+KVduSUQL7wnpmqnfmLsOA/nAh6b6EH0wCEoK0/mPeXU6c3wKDV83MkOuHPRHtSXKKU99IBazS/2w=="],

    "typescript": ["typescript@5.9.3", "", { "bin": { "tsc": "bin/tsc", "tsserver": "bin/tsserver" } }, "sha512-jl1vZzPDinLr9eUt3J/t7V6FgNEw9QjvBPdysz9KfQDD41fQrC2Y4vKQdiaUpFT4bXlb1RHhLpp8wtm6M5TgSw=="],

    "undici-types": ["undici-types@7.16.0", "", {}, "sha512-Zz+aZWSj8LE6zoxD+xrjh4VfkIG8Ya6LvYkZqtUQGJPZjYl53ypCaUwWqo7eI0x66KBGeRo+mlBEkMSeSZ38Nw=="],

    "zod": ["zod@4.1.8", "", {}, "sha512-5R1P+WwQqmmMIEACyzSvo4JXHY5WiAFHRMg+zBZKgKS+Q1viRa0C1hmUKtHltoIFKtIdki3pRxkmpP74jnNYHQ=="],

    "@openauthjs/openauth/@standard-schema/spec": ["@standard-schema/spec@1.0.0-beta.3", "", {}, "sha512-0ifF3BjA1E8SY9C+nUew8RefNOIq0cDlYALPty4rhUm8Rrl6tCM8hBT4bhGhx7I7iXD0uAgt50lgo8dD73ACMw=="],

    "@oslojs/jwt/@oslojs/encoding": ["@oslojs/encoding@0.4.1", "", {}, "sha512-hkjo6MuIK/kQR5CrGNdAPZhS01ZCXuWDRJ187zh6qqF2+yMHZpD9fAYpX8q2bOO6Ryhl3XpCT6kUX76N8hhm4Q=="],
  }
}
